// !$*UTF8*$!
{
	archiveVersion = 1;
	classes = {
	};
	objectVersion = 55;
	objects = {

/* Begin PBXBuildFile section */
		5129D3042773942000BB081A /* CoolBeansApp.swift in Sources */ = {isa = PBXBuildFile; fileRef = 5129D3032773942000BB081A /* CoolBeansApp.swift */; };
		5129D3062773942000BB081A /* ContentView.swift in Sources */ = {isa = PBXBuildFile; fileRef = 5129D3052773942000BB081A /* ContentView.swift */; };
		5129D3082773942200BB081A /* Assets.xcassets in Resources */ = {isa = PBXBuildFile; fileRef = 5129D3072773942200BB081A /* Assets.xcassets */; };
		5129D30B2773942200BB081A /* Preview Assets.xcassets in Resources */ = {isa = PBXBuildFile; fileRef = 5129D30A2773942200BB081A /* Preview Assets.xcassets */; };
		5129D3122773948D00BB081A /* menu.json in Resources */ = {isa = PBXBuildFile; fileRef = 5129D3112773948D00BB081A /* menu.json */; };
		5129D3142773951D00BB081A /* Drink.swift in Sources */ = {isa = PBXBuildFile; fileRef = 5129D3132773951D00BB081A /* Drink.swift */; };
		5129D316277395FC00BB081A /* MenuSection.swift in Sources */ = {isa = PBXBuildFile; fileRef = 5129D315277395FC00BB081A /* MenuSection.swift */; };
		5129D3182773963B00BB081A /* Menu.swift in Sources */ = {isa = PBXBuildFile; fileRef = 5129D3172773963B00BB081A /* Menu.swift */; };
		5129D31A2773984600BB081A /* MenuView.swift in Sources */ = {isa = PBXBuildFile; fileRef = 5129D3192773984600BB081A /* MenuView.swift */; };
		5129D31C27739D0A00BB081A /* CustomizeView.swift in Sources */ = {isa = PBXBuildFile; fileRef = 5129D31B27739D0A00BB081A /* CustomizeView.swift */; };
		5129D31E2773A05800BB081A /* ConfigurationOption.swift in Sources */ = {isa = PBXBuildFile; fileRef = 5129D31D2773A05800BB081A /* ConfigurationOption.swift */; };
		5129D3202773A45D00BB081A /* Serving.swift in Sources */ = {isa = PBXBuildFile; fileRef = 5129D31F2773A45D00BB081A /* Serving.swift */; };
		5129D3222773A52000BB081A /* FileManager-DocumentsDirectory.swift in Sources */ = {isa = PBXBuildFile; fileRef = 5129D3212773A52000BB081A /* FileManager-DocumentsDirectory.swift */; };
		5129D3242773A56500BB081A /* History.swift in Sources */ = {isa = PBXBuildFile; fileRef = 5129D3232773A56500BB081A /* History.swift */; };
/* End PBXBuildFile section */

/* Begin PBXFileReference section */
		5129D3002773942000BB081A /* CoolBeans.app */ = {isa = PBXFileReference; explicitFileType = wrapper.application; includeInIndex = 0; path = CoolBeans.app; sourceTree = BUILT_PRODUCTS_DIR; };
		5129D3032773942000BB081A /* CoolBeansApp.swift */ = {isa = PBXFileReference; lastKnownFileType = sourcecode.swift; path = CoolBeansApp.swift; sourceTree = "<group>"; };
		5129D3052773942000BB081A /* ContentView.swift */ = {isa = PBXFileReference; lastKnownFileType = sourcecode.swift; path = ContentView.swift; sourceTree = "<group>"; };
		5129D3072773942200BB081A /* Assets.xcassets */ = {isa = PBXFileReference; lastKnownFileType = folder.assetcatalog; path = Assets.xcassets; sourceTree = "<group>"; };
		5129D30A2773942200BB081A /* Preview Assets.xcassets */ = {isa = PBXFileReference; lastKnownFileType = folder.assetcatalog; path = "Preview Assets.xcassets"; sourceTree = "<group>"; };
		5129D3112773948D00BB081A /* menu.json */ = {isa = PBXFileReference; fileEncoding = 4; lastKnownFileType = text.json; path = menu.json; sourceTree = "<group>"; };
		5129D3132773951D00BB081A /* Drink.swift */ = {isa = PBXFileReference; lastKnownFileType = sourcecode.swift; path = Drink.swift; sourceTree = "<group>"; };
		5129D315277395FC00BB081A /* MenuSection.swift */ = {isa = PBXFileReference; lastKnownFileType = sourcecode.swift; path = MenuSection.swift; sourceTree = "<group>"; };
		5129D3172773963B00BB081A /* Menu.swift */ = {isa = PBXFileReference; lastKnownFileType = sourcecode.swift; path = Menu.swift; sourceTree = "<group>"; };
		5129D3192773984600BB081A /* MenuView.swift */ = {isa = PBXFileReference; lastKnownFileType = sourcecode.swift; path = MenuView.swift; sourceTree = "<group>"; };
		5129D31B27739D0A00BB081A /* CustomizeView.swift */ = {isa = PBXFileReference; lastKnownFileType = sourcecode.swift; path = CustomizeView.swift; sourceTree = "<group>"; };
		5129D31D2773A05800BB081A /* ConfigurationOption.swift */ = {isa = PBXFileReference; lastKnownFileType = sourcecode.swift; path = ConfigurationOption.swift; sourceTree = "<group>"; };
		5129D31F2773A45D00BB081A /* Serving.swift */ = {isa = PBXFileReference; lastKnownFileType = sourcecode.swift; path = Serving.swift; sourceTree = "<group>"; };
		5129D3212773A52000BB081A /* FileManager-DocumentsDirectory.swift */ = {isa = PBXFileReference; lastKnownFileType = sourcecode.swift; path = "FileManager-DocumentsDirectory.swift"; sourceTree = "<group>"; };
		5129D3232773A56500BB081A /* History.swift */ = {isa = PBXFileReference; lastKnownFileType = sourcecode.swift; path = History.swift; sourceTree = "<group>"; };
/* End PBXFileReference section */

/* Begin PBXFrameworksBuildPhase section */
		5129D2FD2773942000BB081A /* Frameworks */ = {
			isa = PBXFrameworksBuildPhase;
			buildActionMask = 2147483647;
			files = (
			);
			runOnlyForDeploymentPostprocessing = 0;
		};
/* End PBXFrameworksBuildPhase section */

/* Begin PBXGroup section */
		5129D2F72773942000BB081A = {
			isa = PBXGroup;
			children = (
				5129D3022773942000BB081A /* CoolBeans */,
				5129D3012773942000BB081A /* Products */,
			);
			sourceTree = "<group>";
		};
		5129D3012773942000BB081A /* Products */ = {
			isa = PBXGroup;
			children = (
				5129D3002773942000BB081A /* CoolBeans.app */,
			);
			name = Products;
			sourceTree = "<group>";
		};
		5129D3022773942000BB081A /* CoolBeans */ = {
			isa = PBXGroup;
			children = (
				5129D3032773942000BB081A /* CoolBeansApp.swift */,
				5129D3052773942000BB081A /* ContentView.swift */,
				5129D3192773984600BB081A /* MenuView.swift */,
				5129D31B27739D0A00BB081A /* CustomizeView.swift */,
				5129D3112773948D00BB081A /* menu.json */,
				5129D3072773942200BB081A /* Assets.xcassets */,
				5129D3132773951D00BB081A /* Drink.swift */,
				5129D31F2773A45D00BB081A /* Serving.swift */,
				5129D3212773A52000BB081A /* FileManager-DocumentsDirectory.swift */,
				5129D3232773A56500BB081A /* History.swift */,
				5129D31D2773A05800BB081A /* ConfigurationOption.swift */,
				5129D315277395FC00BB081A /* MenuSection.swift */,
				5129D3172773963B00BB081A /* Menu.swift */,
				5129D3092773942200BB081A /* Preview Content */,
			);
			path = CoolBeans;
			sourceTree = "<group>";
		};
		5129D3092773942200BB081A /* Preview Content */ = {
			isa = PBXGroup;
			children = (
				5129D30A2773942200BB081A /* Preview Assets.xcassets */,
			);
			path = "Preview Content";
			sourceTree = "<group>";
		};
/* End PBXGroup section */

/* Begin PBXNativeTarget section */
		5129D2FF2773942000BB081A /* CoolBeans */ = {
			isa = PBXNativeTarget;
			buildConfigurationList = 5129D30E2773942200BB081A /* Build configuration list for PBXNativeTarget "CoolBeans" */;
			buildPhases = (
				5129D2FC2773942000BB081A /* Sources */,
				5129D2FD2773942000BB081A /* Frameworks */,
				5129D2FE2773942000BB081A /* Resources */,
			);
			buildRules = (
			);
			dependencies = (
			);
			name = CoolBeans;
			productName = CoolBeans;
			productReference = 5129D3002773942000BB081A /* CoolBeans.app */;
			productType = "com.apple.product-type.application";
		};
/* End PBXNativeTarget section */

/* Begin PBXProject section */
		5129D2F82773942000BB081A /* Project object */ = {
			isa = PBXProject;
			attributes = {
				BuildIndependentTargetsInParallel = 1;
				LastSwiftUpdateCheck = 1320;
				LastUpgradeCheck = 1320;
				TargetAttributes = {
					5129D2FF2773942000BB081A = {
						CreatedOnToolsVersion = 13.2;
					};
				};
			};
			buildConfigurationList = 5129D2FB2773942000BB081A /* Build configuration list for PBXProject "CoolBeans" */;
			compatibilityVersion = "Xcode 13.0";
			developmentRegion = en;
			hasScannedForEncodings = 0;
			knownRegions = (
				en,
				Base,
			);
			mainGroup = 5129D2F72773942000BB081A;
			productRefGroup = 5129D3012773942000BB081A /* Products */;
			projectDirPath = "";
			projectRoot = "";
			targets = (
				5129D2FF2773942000BB081A /* CoolBeans */,
			);
		};
/* End PBXProject section */

/* Begin PBXResourcesBuildPhase section */
		5129D2FE2773942000BB081A /* Resources */ = {
			isa = PBXResourcesBuildPhase;
			buildActionMask = 2147483647;
			files = (
				5129D3122773948D00BB081A /* menu.json in Resources */,
				5129D30B2773942200BB081A /* Preview Assets.xcassets in Resources */,
				5129D3082773942200BB081A /* Assets.xcassets in Resources */,
			);
			runOnlyForDeploymentPostprocessing = 0;
		};
/* End PBXResourcesBuildPhase section */

/* Begin PBXSourcesBuildPhase section */
		5129D2FC2773942000BB081A /* Sources */ = {
			isa = PBXSourcesBuildPhase;
			buildActionMask = 2147483647;
			files = (
				5129D3062773942000BB081A /* ContentView.swift in Sources */,
				5129D31A2773984600BB081A /* MenuView.swift in Sources */,
				5129D3142773951D00BB081A /* Drink.swift in Sources */,
				5129D3242773A56500BB081A /* History.swift in Sources */,
				5129D316277395FC00BB081A /* MenuSection.swift in Sources */,
				5129D3042773942000BB081A /* CoolBeansApp.swift in Sources */,
				5129D31E2773A05800BB081A /* ConfigurationOption.swift in Sources */,
				5129D3222773A52000BB081A /* FileManager-DocumentsDirectory.swift in Sources */,
				5129D31C27739D0A00BB081A /* CustomizeView.swift in Sources */,
				5129D3182773963B00BB081A /* Menu.swift in Sources */,
				5129D3202773A45D00BB081A /* Serving.swift in Sources */,
			);
			runOnlyForDeploymentPostprocessing = 0;
		};
/* End PBXSourcesBuildPhase section */

/* Begin XCBuildConfiguration section */
		5129D30C2773942200BB081A /* Debug */ = {
			isa = XCBuildConfiguration;
			buildSettings = {
				ALWAYS_SEARCH_USER_PATHS = NO;
				CLANG_ANALYZER_NONNULL = YES;
				CLANG_ANALYZER_NUMBER_OBJECT_CONVERSION = YES_AGGRESSIVE;
				CLANG_CXX_LANGUAGE_STANDARD = "gnu++17";
				CLANG_CXX_LIBRARY = "libc++";
				CLANG_ENABLE_MODULES = YES;
				CLANG_ENABLE_OBJC_ARC = YES;
				CLANG_ENABLE_OBJC_WEAK = YES;
				CLANG_WARN_BLOCK_CAPTURE_AUTORELEASING = YES;
				CLANG_WARN_BOOL_CONVERSION = YES;
				CLANG_WARN_COMMA = YES;
				CLANG_WARN_CONSTANT_CONVERSION = YES;
				CLANG_WARN_DEPRECATED_OBJC_IMPLEMENTATIONS = YES;
				CLANG_WARN_DIRECT_OBJC_ISA_USAGE = YES_ERROR;
				CLANG_WARN_DOCUMENTATION_COMMENTS = YES;
				CLANG_WARN_EMPTY_BODY = YES;
				CLANG_WARN_ENUM_CONVERSION = YES;
				CLANG_WARN_INFINITE_RECURSION = YES;
				CLANG_WARN_INT_CONVERSION = YES;
				CLANG_WARN_NON_LITERAL_NULL_CONVERSION = YES;
				CLANG_WARN_OBJC_IMPLICIT_RETAIN_SELF = YES;
				CLANG_WARN_OBJC_LITERAL_CONVERSION = YES;
				CLANG_WARN_OBJC_ROOT_CLASS = YES_ERROR;
				CLANG_WARN_QUOTED_INCLUDE_IN_FRAMEWORK_HEADER = YES;
				CLANG_WARN_RANGE_LOOP_ANALYSIS = YES;
				CLANG_WARN_STRICT_PROTOTYPES = YES;
				CLANG_WARN_SUSPICIOUS_MOVE = YES;
				CLANG_WARN_UNGUARDED_AVAILABILITY = YES_AGGRESSIVE;
				CLANG_WARN_UNREACHABLE_CODE = YES;
				CLANG_WARN__DUPLICATE_METHOD_MATCH = YES;
				COPY_PHASE_STRIP = NO;
				DEBUG_INFORMATION_FORMAT = dwarf;
				ENABLE_STRICT_OBJC_MSGSEND = YES;
				ENABLE_TESTABILITY = YES;
				GCC_C_LANGUAGE_STANDARD = gnu11;
				GCC_DYNAMIC_NO_PIC = NO;
				GCC_NO_COMMON_BLOCKS = YES;
				GCC_OPTIMIZATION_LEVEL = 0;
				GCC_PREPROCESSOR_DEFINITIONS = (
					"DEBUG=1",
					"$(inherited)",
				);
				GCC_WARN_64_TO_32_BIT_CONVERSION = YES;
				GCC_WARN_ABOUT_RETURN_TYPE = YES_ERROR;
				GCC_WARN_UNDECLARED_SELECTOR = YES;
				GCC_WARN_UNINITIALIZED_AUTOS = YES_AGGRESSIVE;
				GCC_WARN_UNUSED_FUNCTION = YES;
				GCC_WARN_UNUSED_VARIABLE = YES;
				IPHONEOS_DEPLOYMENT_TARGET = 15.2;
				MTL_ENABLE_DEBUG_INFO = INCLUDE_SOURCE;
				MTL_FAST_MATH = YES;
				ONLY_ACTIVE_ARCH = YES;
				SDKROOT = iphoneos;
				SWIFT_ACTIVE_COMPILATION_CONDITIONS = DEBUG;
				SWIFT_OPTIMIZATION_LEVEL = "-Onone";
			};
			name = Debug;
		};
		5129D30D2773942200BB081A /* Release */ = {
			isa = XCBuildConfiguration;
			buildSettings = {
				ALWAYS_SEARCH_USER_PATHS = NO;
				CLANG_ANALYZER_NONNULL = YES;
				CLANG_ANALYZER_NUMBER_OBJECT_CONVERSION = YES_AGGRESSIVE;
				CLANG_CXX_LANGUAGE_STANDARD = "gnu++17";
				CLANG_CXX_LIBRARY = "libc++";
				CLANG_ENABLE_MODULES = YES;
				CLANG_ENABLE_OBJC_ARC = YES;
				CLANG_ENABLE_OBJC_WEAK = YES;
				CLANG_WARN_BLOCK_CAPTURE_AUTORELEASING = YES;
				CLANG_WARN_BOOL_CONVERSION = YES;
				CLANG_WARN_COMMA = YES;
				CLANG_WARN_CONSTANT_CONVERSION = YES;
				CLANG_WARN_DEPRECATED_OBJC_IMPLEMENTATIONS = YES;
				CLANG_WARN_DIRECT_OBJC_ISA_USAGE = YES_ERROR;
				CLANG_WARN_DOCUMENTATION_COMMENTS = YES;
				CLANG_WARN_EMPTY_BODY = YES;
				CLANG_WARN_ENUM_CONVERSION = YES;
				CLANG_WARN_INFINITE_RECURSION = YES;
				CLANG_WARN_INT_CONVERSION = YES;
				CLANG_WARN_NON_LITERAL_NULL_CONVERSION = YES;
				CLANG_WARN_OBJC_IMPLICIT_RETAIN_SELF = YES;
				CLANG_WARN_OBJC_LITERAL_CONVERSION = YES;
				CLANG_WARN_OBJC_ROOT_CLASS = YES_ERROR;
				CLANG_WARN_QUOTED_INCLUDE_IN_FRAMEWORK_HEADER = YES;
				CLANG_WARN_RANGE_LOOP_ANALYSIS = YES;
				CLANG_WARN_STRICT_PROTOTYPES = YES;
				CLANG_WARN_SUSPICIOUS_MOVE = YES;
				CLANG_WARN_UNGUARDED_AVAILABILITY = YES_AGGRESSIVE;
				CLANG_WARN_UNREACHABLE_CODE = YES;
				CLANG_WARN__DUPLICATE_METHOD_MATCH = YES;
				COPY_PHASE_STRIP = NO;
				DEBUG_INFORMATION_FORMAT = "dwarf-with-dsym";
				ENABLE_NS_ASSERTIONS = NO;
				ENABLE_STRICT_OBJC_MSGSEND = YES;
				GCC_C_LANGUAGE_STANDARD = gnu11;
				GCC_NO_COMMON_BLOCKS = YES;
				GCC_WARN_64_TO_32_BIT_CONVERSION = YES;
				GCC_WARN_ABOUT_RETURN_TYPE = YES_ERROR;
				GCC_WARN_UNDECLARED_SELECTOR = YES;
				GCC_WARN_UNINITIALIZED_AUTOS = YES_AGGRESSIVE;
				GCC_WARN_UNUSED_FUNCTION = YES;
				GCC_WARN_UNUSED_VARIABLE = YES;
				IPHONEOS_DEPLOYMENT_TARGET = 15.2;
				MTL_ENABLE_DEBUG_INFO = NO;
				MTL_FAST_MATH = YES;
				SDKROOT = iphoneos;
				SWIFT_COMPILATION_MODE = wholemodule;
				SWIFT_OPTIMIZATION_LEVEL = "-O";
				VALIDATE_PRODUCT = YES;
			};
			name = Release;
		};
		5129D30F2773942200BB081A /* Debug */ = {
			isa = XCBuildConfiguration;
			buildSettings = {
				ASSETCATALOG_COMPILER_APPICON_NAME = AppIcon;
				ASSETCATALOG_COMPILER_GLOBAL_ACCENT_COLOR_NAME = AccentColor;
				CODE_SIGN_STYLE = Automatic;
				CURRENT_PROJECT_VERSION = 1;
				DEVELOPMENT_ASSET_PATHS = "\"CoolBeans/Preview Content\"";
				DEVELOPMENT_TEAM = 263U9MHS75;
				ENABLE_PREVIEWS = YES;
				GENERATE_INFOPLIST_FILE = YES;
				INFOPLIST_KEY_UIApplicationSceneManifest_Generation = YES;
				INFOPLIST_KEY_UIApplicationSupportsIndirectInputEvents = YES;
				INFOPLIST_KEY_UILaunchScreen_Generation = YES;
				INFOPLIST_KEY_UISupportedInterfaceOrientations_iPad = "UIInterfaceOrientationPortrait UIInterfaceOrientationPortraitUpsideDown UIInterfaceOrientationLandscapeLeft UIInterfaceOrientationLandscapeRight";
				INFOPLIST_KEY_UISupportedInterfaceOrientations_iPhone = "UIInterfaceOrientationPortrait UIInterfaceOrientationLandscapeLeft UIInterfaceOrientationLandscapeRight";
				LD_RUNPATH_SEARCH_PATHS = (
					"$(inherited)",
					"@executable_path/Frameworks",
				);
				MARKETING_VERSION = 1.0;
				PRODUCT_BUNDLE_IDENTIFIER = com.hackingwithswift.CoolBeans;
				PRODUCT_NAME = "$(TARGET_NAME)";
				SWIFT_EMIT_LOC_STRINGS = YES;
				SWIFT_VERSION = 5.0;
				TARGETED_DEVICE_FAMILY = "1,2";
			};
			name = Debug;
		};
		5129D3102773942200BB081A /* Release */ = {
			isa = XCBuildConfiguration;
			buildSettings = {
				ASSETCATALOG_COMPILER_APPICON_NAME = AppIcon;
				ASSETCATALOG_COMPILER_GLOBAL_ACCENT_COLOR_NAME = AccentColor;
				CODE_SIGN_STYLE = Automatic;
				CURRENT_PROJECT_VERSION = 1;
				DEVELOPMENT_ASSET_PATHS = "\"CoolBeans/Preview Content\"";
				DEVELOPMENT_TEAM = 263U9MHS75;
				ENABLE_PREVIEWS = YES;
				GENERATE_INFOPLIST_FILE = YES;
				INFOPLIST_KEY_UIApplicationSceneManifest_Generation = YES;
				INFOPLIST_KEY_UIApplicationSupportsIndirectInputEvents = YES;
				INFOPLIST_KEY_UILaunchScreen_Generation = YES;
				INFOPLIST_KEY_UISupportedInterfaceOrientations_iPad = "UIInterfaceOrientationPortrait UIInterfaceOrientationPortraitUpsideDown UIInterfaceOrientationLandscapeLeft UIInterfaceOrientationLandscapeRight";
				INFOPLIST_KEY_UISupportedInterfaceOrientations_iPhone = "UIInterfaceOrientationPortrait UIInterfaceOrientationLandscapeLeft UIInterfaceOrientationLandscapeRight";
				LD_RUNPATH_SEARCH_PATHS = (
					"$(inherited)",
					"@executable_path/Frameworks",
				);
				MARKETING_VERSION = 1.0;
				PRODUCT_BUNDLE_IDENTIFIER = com.hackingwithswift.CoolBeans;
				PRODUCT_NAME = "$(TARGET_NAME)";
				SWIFT_EMIT_LOC_STRINGS = YES;
				SWIFT_VERSION = 5.0;
				TARGETED_DEVICE_FAMILY = "1,2";
			};
			name = Release;
		};
/* End XCBuildConfiguration section */

/* Begin XCConfigurationList section */
		5129D2FB2773942000BB081A /* Build configuration list for PBXProject "CoolBeans" */ = {
			isa = XCConfigurationList;
			buildConfigurations = (
				5129D30C2773942200BB081A /* Debug */,
				5129D30D2773942200BB081A /* Release */,
			);
			defaultConfigurationIsVisible = 0;
			defaultConfigurationName = Release;
		};
		5129D30E2773942200BB081A /* Build configuration list for PBXNativeTarget "CoolBeans" */ = {
			isa = XCConfigurationList;
			buildConfigurations = (
				5129D30F2773942200BB081A /* Debug */,
				5129D3102773942200BB081A /* Release */,
			);
			defaultConfigurationIsVisible = 0;
			defaultConfigurationName = Release;
		};
/* End XCConfigurationList section */
	};
	rootObject = 5129D2F82773942000BB081A /* Project object */;
}
